
Microsoft Visual Studio Solution File, Format Version 12.00
Project("{2150E333-8FDC-42A3-9474-1A3956D46DE8}") = "Api", "Api", "{2B56AF87-0BC5-4117-8729-7813344264E2}"
EndProject
Project("{FAE04EC0-301F-11D3-BF4B-00C04F79EFBC}") = "CHESF.COMPRAS.API", "Api\CHESF.COMPRAS.API\CHESF.COMPRAS.API.csproj", "{7A7FEDBB-A7CF-4B90-93C2-08DDE5CDFE5B}"
EndProject
Project("{2150E333-8FDC-42A3-9474-1A3956D46DE8}") = "Domain", "Domain", "{7287F87C-910D-4C1A-8E70-902EA8E8D74C}"
EndProject
Project("{2150E333-8FDC-42A3-9474-1A3956D46DE8}") = "Repository", "Repository", "{31C66BCF-72AD-4459-9B0A-81482F33C5A7}"
EndProject
Project("{2150E333-8FDC-42A3-9474-1A3956D46DE8}") = "Service", "Service", "{7919FA08-D78F-460A-9F38-4D140206FBFB}"
EndProject
Project("{FAE04EC0-301F-11D3-BF4B-00C04F79EFBC}") = "CHESF.COMPRAS.Domain", "Domain\CHESF.COMPRAS.Domain\CHESF.COMPRAS.Domain.csproj", "{AA9DE2CF-1C41-4393-A3AB-228D38A9BE9E}"
EndProject
Project("{FAE04EC0-301F-11D3-BF4B-00C04F79EFBC}") = "CHESF.COMPRAS.IRepository", "Repository\CHESF.COMPRAS.IRepository\CHESF.COMPRAS.IRepository.csproj", "{A845532D-DC94-4ABC-973A-657718D62CF7}"
EndProject
Project("{FAE04EC0-301F-11D3-BF4B-00C04F79EFBC}") = "CHESF.COMPRAS.Repository", "Repository\CHESF.COMPRAS.Repository\CHESF.COMPRAS.Repository.csproj", "{3F96181C-9B15-4609-BA30-EBCE5DC2893A}"
EndProject
Project("{FAE04EC0-301F-11D3-BF4B-00C04F79EFBC}") = "CHESF.COMPRAS.Service", "Service\CHESF.COMPRAS.Service\CHESF.COMPRAS.Service.csproj", "{90288295-24C7-4269-8B44-CD493E63C597}"
EndProject
Project("{FAE04EC0-301F-11D3-BF4B-00C04F79EFBC}") = "CHESF.COMPRAS.IService", "Service\CHESF.COMPRAS.IService\CHESF.COMPRAS.IService.csproj", "{FD1E0041-413F-4C30-92EE-631513E9AAD7}"
EndProject
Global
	GlobalSection(SolutionConfigurationPlatforms) = preSolution
		Debug|Any CPU = Debug|Any CPU
		Release|Any CPU = Release|Any CPU
	EndGlobalSection
	GlobalSection(NestedProjects) = preSolution
		{7A7FEDBB-A7CF-4B90-93C2-08DDE5CDFE5B} = {2B56AF87-0BC5-4117-8729-7813344264E2}
		{AA9DE2CF-1C41-4393-A3AB-228D38A9BE9E} = {7287F87C-910D-4C1A-8E70-902EA8E8D74C}
		{A845532D-DC94-4ABC-973A-657718D62CF7} = {31C66BCF-72AD-4459-9B0A-81482F33C5A7}
		{3F96181C-9B15-4609-BA30-EBCE5DC2893A} = {31C66BCF-72AD-4459-9B0A-81482F33C5A7}
		{90288295-24C7-4269-8B44-CD493E63C597} = {7919FA08-D78F-460A-9F38-4D140206FBFB}
		{FD1E0041-413F-4C30-92EE-631513E9AAD7} = {7919FA08-D78F-460A-9F38-4D140206FBFB}
	EndGlobalSection
	GlobalSection(ProjectConfigurationPlatforms) = postSolution
		{7A7FEDBB-A7CF-4B90-93C2-08DDE5CDFE5B}.Debug|Any CPU.ActiveCfg = Debug|Any CPU
		{7A7FEDBB-A7CF-4B90-93C2-08DDE5CDFE5B}.Debug|Any CPU.Build.0 = Debug|Any CPU
		{7A7FEDBB-A7CF-4B90-93C2-08DDE5CDFE5B}.Release|Any CPU.ActiveCfg = Release|Any CPU
		{7A7FEDBB-A7CF-4B90-93C2-08DDE5CDFE5B}.Release|Any CPU.Build.0 = Release|Any CPU
		{AA9DE2CF-1C41-4393-A3AB-228D38A9BE9E}.Debug|Any CPU.ActiveCfg = Debug|Any CPU
		{AA9DE2CF-1C41-4393-A3AB-228D38A9BE9E}.Debug|Any CPU.Build.0 = Debug|Any CPU
		{AA9DE2CF-1C41-4393-A3AB-228D38A9BE9E}.Release|Any CPU.ActiveCfg = Release|Any CPU
		{AA9DE2CF-1C41-4393-A3AB-228D38A9BE9E}.Release|Any CPU.Build.0 = Release|Any CPU
		{A845532D-DC94-4ABC-973A-657718D62CF7}.Debug|Any CPU.ActiveCfg = Debug|Any CPU
		{A845532D-DC94-4ABC-973A-657718D62CF7}.Debug|Any CPU.Build.0 = Debug|Any CPU
		{A845532D-DC94-4ABC-973A-657718D62CF7}.Release|Any CPU.ActiveCfg = Release|Any CPU
		{A845532D-DC94-4ABC-973A-657718D62CF7}.Release|Any CPU.Build.0 = Release|Any CPU
		{3F96181C-9B15-4609-BA30-EBCE5DC2893A}.Debug|Any CPU.ActiveCfg = Debug|Any CPU
		{3F96181C-9B15-4609-BA30-EBCE5DC2893A}.Debug|Any CPU.Build.0 = Debug|Any CPU
		{3F96181C-9B15-4609-BA30-EBCE5DC2893A}.Release|Any CPU.ActiveCfg = Release|Any CPU
		{3F96181C-9B15-4609-BA30-EBCE5DC2893A}.Release|Any CPU.Build.0 = Release|Any CPU
		{90288295-24C7-4269-8B44-CD493E63C597}.Debug|Any CPU.ActiveCfg = Debug|Any CPU
		{90288295-24C7-4269-8B44-CD493E63C597}.Debug|Any CPU.Build.0 = Debug|Any CPU
		{90288295-24C7-4269-8B44-CD493E63C597}.Release|Any CPU.ActiveCfg = Release|Any CPU
		{90288295-24C7-4269-8B44-CD493E63C597}.Release|Any CPU.Build.0 = Release|Any CPU
		{FD1E0041-413F-4C30-92EE-631513E9AAD7}.Debug|Any CPU.ActiveCfg = Debug|Any CPU
		{FD1E0041-413F-4C30-92EE-631513E9AAD7}.Debug|Any CPU.Build.0 = Debug|Any CPU
		{FD1E0041-413F-4C30-92EE-631513E9AAD7}.Release|Any CPU.ActiveCfg = Release|Any CPU
		{FD1E0041-413F-4C30-92EE-631513E9AAD7}.Release|Any CPU.Build.0 = Release|Any CPU
	EndGlobalSection
EndGlobal
